
Microsoft Visual Studio Solution File, Format Version 12.00
# Visual Studio Version 16
VisualStudioVersion = 16.0.30503.244
MinimumVisualStudioVersion = 10.0.40219.1
Project("{FAE04EC0-301F-11D3-BF4B-00C04F79EFBC}") = "Circus", "Circus\Circus.csproj", "{B1D878F5-D042-4499-98B4-5605417547A6}"
EndProject
Global
	GlobalSection(SolutionConfigurationPlatforms) = preSolution
		Debug|Any CPU = Debug|Any CPU
		Release|Any CPU = Release|Any CPU
	EndGlobalSection
	GlobalSection(ProjectConfigurationPlatforms) = postSolution
		{B1D878F5-D042-4499-98B4-5605417547A6}.Debug|Any CPU.ActiveCfg = Debug|Any CPU
		{B1D878F5-D042-4499-98B4-5605417547A6}.Debug|Any CPU.Build.0 = Debug|Any CPU
		{B1D878F5-D042-4499-98B4-5605417547A6}.Release|Any CPU.ActiveCfg = Release|Any CPU
		{B1D878F5-D042-4499-98B4-5605417547A6}.Release|Any CPU.Build.0 = Release|Any CPU
	EndGlobalSection
	GlobalSection(SolutionProperties) = preSolution
		HideSolutionNode = FALSE
	EndGlobalSection
	GlobalSection(ExtensibilityGlobals) = postSolution
		SolutionGuid = {8DD06D27-3566-4BC2-9B27-A197AA65BEF6}
	EndGlobalSection
EndGlobal
